Microsoft Visual Studio Solution File, Format Version 12.00
# Visual Studio Version 17
VisualStudioVersion = 17.5.2.0
MinimumVisualStudioVersion = 10.0.40219.1
Project("{FAE04EC0-301F-11D3-BF4B-00C04F79EFBC}") = "SQLIntegration", "SQLIntegration\SQLIntegration.csproj", "{0DE256C5-6C3E-2B94-8151-75994B41532F}"
EndProject
Global
	GlobalSection(SolutionConfigurationPlatforms) = preSolution
		Debug|Any CPU = Debug|Any CPU
		Release|Any CPU = Release|Any CPU
	EndGlobalSection
	GlobalSection(ProjectConfigurationPlatforms) = postSolution
		{0DE256C5-6C3E-2B94-8151-75994B41532F}.Debug|Any CPU.ActiveCfg = Debug|Any CPU
		{0DE256C5-6C3E-2B94-8151-75994B41532F}.Debug|Any CPU.Build.0 = Debug|Any CPU
		{0DE256C5-6C3E-2B94-8151-75994B41532F}.Release|Any CPU.ActiveCfg = Release|Any CPU
		{0DE256C5-6C3E-2B94-8151-75994B41532F}.Release|Any CPU.Build.0 = Release|Any CPU
	EndGlobalSection
	GlobalSection(SolutionProperties) = preSolution
		HideSolutionNode = FALSE
	EndGlobalSection
	GlobalSection(ExtensibilityGlobals) = postSolution
		SolutionGuid = {582AFD08-2BF7-4ABF-828E-9AF19DED51F3}
	EndGlobalSection
EndGlobal
